
Microsoft Visual Studio Solution File, Format Version 12.00
# Visual Studio Version 17
VisualStudioVersion = 17.1.32210.238
MinimumVisualStudioVersion = 10.0.40219.1
Project("{FAE04EC0-301F-11D3-BF4B-00C04F79EFBC}") = "EmlakciApp", "EmlakciApp\EmlakciApp.csproj", "{C3712BD9-E803-4996-87E2-5A8043BC821B}"
EndProject
Project("{FAE04EC0-301F-11D3-BF4B-00C04F79EFBC}") = "EvLibrary", "EvLibrary\EvLibrary.csproj", "{3EE4DB69-95F9-454F-A759-4947CEF02945}"
EndProject
Global
	GlobalSection(SolutionConfigurationPlatforms) = preSolution
		Debug|Any CPU = Debug|Any CPU
		Release|Any CPU = Release|Any CPU
	EndGlobalSection
	GlobalSection(ProjectConfigurationPlatforms) = postSolution
		{C3712BD9-E803-4996-87E2-5A8043BC821B}.Debug|Any CPU.ActiveCfg = Debug|Any CPU
		{C3712BD9-E803-4996-87E2-5A8043BC821B}.Debug|Any CPU.Build.0 = Debug|Any CPU
		{C3712BD9-E803-4996-87E2-5A8043BC821B}.Release|Any CPU.ActiveCfg = Release|Any CPU
		{C3712BD9-E803-4996-87E2-5A8043BC821B}.Release|Any CPU.Build.0 = Release|Any CPU
		{3EE4DB69-95F9-454F-A759-4947CEF02945}.Debug|Any CPU.ActiveCfg = Debug|Any CPU
		{3EE4DB69-95F9-454F-A759-4947CEF02945}.Debug|Any CPU.Build.0 = Debug|Any CPU
		{3EE4DB69-95F9-454F-A759-4947CEF02945}.Release|Any CPU.ActiveCfg = Release|Any CPU
		{3EE4DB69-95F9-454F-A759-4947CEF02945}.Release|Any CPU.Build.0 = Release|Any CPU
	EndGlobalSection
	GlobalSection(SolutionProperties) = preSolution
		HideSolutionNode = FALSE
	EndGlobalSection
	GlobalSection(ExtensibilityGlobals) = postSolution
		SolutionGuid = {69B04318-1DEC-4BE6-A18D-DA084659275E}
	EndGlobalSection
EndGlobal
